
Microsoft Visual Studio Solution File, Format Version 12.00
# Visual Studio 14
VisualStudioVersion = 14.0.25420.1
MinimumVisualStudioVersion = 10.0.40219.1
Project("{8BC9CEB8-8B4A-11D0-8D11-00A0C91BC942}") = "AntSaver", "AntSaver\AntSaver.vcxproj", "{85210620-3EFC-41D7-B3A5-3EB2537439FC}"
EndProject
Global
	GlobalSection(SolutionConfigurationPlatforms) = preSolution
		Debug|x64 = Debug|x64
		Debug|x86 = Debug|x86
		Release|x64 = Release|x64
		Release|x86 = Release|x86
	EndGlobalSection
	GlobalSection(ProjectConfigurationPlatforms) = postSolution
		{85210620-3EFC-41D7-B3A5-3EB2537439FC}.Debug|x64.ActiveCfg = Debug|x64
		{85210620-3EFC-41D7-B3A5-3EB2537439FC}.Debug|x64.Build.0 = Debug|x64
		{85210620-3EFC-41D7-B3A5-3EB2537439FC}.Debug|x86.ActiveCfg = Debug|Win32
		{85210620-3EFC-41D7-B3A5-3EB2537439FC}.Debug|x86.Build.0 = Debug|Win32
		{85210620-3EFC-41D7-B3A5-3EB2537439FC}.Release|x64.ActiveCfg = Release|x64
		{85210620-3EFC-41D7-B3A5-3EB2537439FC}.Release|x64.Build.0 = Release|x64
		{85210620-3EFC-41D7-B3A5-3EB2537439FC}.Release|x86.ActiveCfg = Release|Win32
		{85210620-3EFC-41D7-B3A5-3EB2537439FC}.Release|x86.Build.0 = Release|Win32
	EndGlobalSection
	GlobalSection(SolutionProperties) = preSolution
		HideSolutionNode = FALSE
	EndGlobalSection
EndGlobal
